Microsoft Visual Studio Solution File, Format Version 12.00
# Visual Studio Version 17
VisualStudioVersion = 17.5.2.0
MinimumVisualStudioVersion = 10.0.40219.1
Project("{FAE04EC0-301F-11D3-BF4B-00C04F79EFBC}") = "ProductValidation", "App/ProductValidation.csproj", "{104D59A0-049B-4404-FB8D-9E5A9C02D911}"
EndProject
Global
	GlobalSection(SolutionConfigurationPlatforms) = preSolution
		Debug|Any CPU = Debug|Any CPU
		Release|Any CPU = Release|Any CPU
	EndGlobalSection
	GlobalSection(ProjectConfigurationPlatforms) = postSolution
		{104D59A0-049B-4404-FB8D-9E5A9C02D911}.Debug|Any CPU.ActiveCfg = Debug|Any CPU
		{104D59A0-049B-4404-FB8D-9E5A9C02D911}.Debug|Any CPU.Build.0 = Debug|Any CPU
		{104D59A0-049B-4404-FB8D-9E5A9C02D911}.Release|Any CPU.ActiveCfg = Release|Any CPU
		{104D59A0-049B-4404-FB8D-9E5A9C02D911}.Release|Any CPU.Build.0 = Release|Any CPU
	EndGlobalSection
	GlobalSection(SolutionProperties) = preSolution
		HideSolutionNode = FALSE
	EndGlobalSection
	GlobalSection(ExtensibilityGlobals) = postSolution
		SolutionGuid = {84D90FF0-9874-4A8B-80BB-D93554FF0DC4}
	EndGlobalSection
EndGlobal
